
Microsoft Visual Studio Solution File, Format Version 12.00
# Visual Studio Version 16
VisualStudioVersion = 16.0.31613.86
MinimumVisualStudioVersion = 10.0.40219.1
Project("{FAE04EC0-301F-11D3-BF4B-00C04F79EFBC}") = "Reyan Boutique", "InventorySystem1.0\Reyan Boutique.csproj", "{CA97507A-5B5D-495E-9A8A-7948598FCB78}"
EndProject
Global
	GlobalSection(SolutionConfigurationPlatforms) = preSolution
		Debug|Any CPU = Debug|Any CPU
		Release|Any CPU = Release|Any CPU
	EndGlobalSection
	GlobalSection(ProjectConfigurationPlatforms) = postSolution
		{CA97507A-5B5D-495E-9A8A-7948598FCB78}.Debug|Any CPU.ActiveCfg = Debug|Any CPU
		{CA97507A-5B5D-495E-9A8A-7948598FCB78}.Debug|Any CPU.Build.0 = Debug|Any CPU
		{CA97507A-5B5D-495E-9A8A-7948598FCB78}.Release|Any CPU.ActiveCfg = Release|Any CPU
		{CA97507A-5B5D-495E-9A8A-7948598FCB78}.Release|Any CPU.Build.0 = Release|Any CPU
	EndGlobalSection
	GlobalSection(SolutionProperties) = preSolution
		HideSolutionNode = FALSE
	EndGlobalSection
	GlobalSection(ExtensibilityGlobals) = postSolution
		SolutionGuid = {7340576C-940C-49AA-89AB-6D4D4DA81C17}
	EndGlobalSection
EndGlobal
